hash: 2562d1edca5d790abe1298f1de21aae31654ea26eef4e39cdea29e134aba7c45
updated: 2017-01-09T14:51:54.959195244-07:00
imports:
- name: github.com/asaskevich/govalidator
  version: 593d64559f7600f29581a3ee42177f5dbded27a9
- name: github.com/go-openapi/analysis
  version: d5a75b7d751ca3f11ad5d93cfe97405f2c3f6a47
- name: github.com/go-openapi/errors
  version: fc3f73a224499b047eda7191e5d22e1e9631e86f
- name: github.com/go-openapi/jsonpointer
  version: 46af16f9f7b149af66e5d1bd010e3574dc06de98
- name: github.com/go-openapi/jsonreference
  version: 13c6e3589ad90f49bd3e3bbe2c2cb3d7a4142272
- name: github.com/go-openapi/loads
  version: bf98340e04734f11563fd3008e87be4c1d4ffc08
  subpackages:
  - fmts
- name: github.com/go-openapi/runtime
  version: 6c55ee725bbcb3f0756416804a01a42e072de6e0
  subpackages:
  - client
- name: github.com/go-openapi/spec
  version: 3a0434164aa36744c7ba29b822d36894a1e5ec96
- name: github.com/go-openapi/strfmt
  version: 505012778ef0246e2c9dddcc5a2eaa2ce44add27
- name: github.com/go-openapi/swag
  version: 0e04f5e499b19bf51031c01a00f098f25067d8dc
- name: github.com/go-openapi/validate
  version: 03d947b0268e1c2bb5c74ac4095447f140c9a112
- name: github.com/mailru/easyjson
  version: e978125a7e335d8f4db746a9ac5b44643f27416b
  subpackages:
  - buffer
  - jlexer
  - jwriter
- name: github.com/mitchellh/mapstructure
  version: 281073eb9eb092240d33ef253c404f1cca550309
- name: github.com/PuerkitoBio/purell
  version: 8a290539e2e8629dbc4e6bad948158f790ec31f4
- name: github.com/PuerkitoBio/urlesc
  version: 5bd2802263f21d8788851d5305584c82a5c75d7e
- name: github.com/stretchr/testify
  version: 69483b4bd14f5845b5a1e55bca19e954e827f1d0
  subpackages:
  - assert
- name: golang.org/x/net
  version: 024ed629fd292398cfd43c9678a5bf004f7defdc
  subpackages:
  - context
  - context/ctxhttp
  - idna
- name: golang.org/x/text
  version: d69c40b4be55797923cec7457fac7a244d91a9b6
  subpackages:
  - cases
  - internal/tag
  - language
  - runes
  - secure/bidirule
  - secure/precis
  - transform
  - unicode/bidi
  - unicode/norm
  - width
- name: gopkg.in/yaml.v2
  version: f7716cbe52baa25d2e9b0d0da546fcf909fc16b4
testImports:
- name: github.com/davecgh/go-spew
  version: 2df174808ee097f90d259e432cc04442cf60be21
  subpackages:
  - spew
- name: github.com/pmezard/go-difflib
  version: d8ed2627bdf02c080bf22230dbb337003b7aba2d
  subpackages:
  - difflib
